
Microsoft Visual Studio Solution File, Format Version 12.00
# Visual Studio Version 16
VisualStudioVersion = 16.0.34301.259
MinimumVisualStudioVersion = 10.0.40219.1
Project("{FAE04EC0-301F-11D3-BF4B-00C04F79EFBC}") = "dotnet_crud", "dotnet_crud.csproj", "{9B13C1A1-87C1-48EB-BFD3-E6C5DD3E3DD5}"
EndProject
Global
	GlobalSection(SolutionConfigurationPlatforms) = preSolution
		Debug|Any CPU = Debug|Any CPU
		Release|Any CPU = Release|Any CPU
	EndGlobalSection
	GlobalSection(ProjectConfigurationPlatforms) = postSolution
		{9B13C1A1-87C1-48EB-BFD3-E6C5DD3E3DD5}.Debug|Any CPU.ActiveCfg = Debug|Any CPU
		{9B13C1A1-87C1-48EB-BFD3-E6C5DD3E3DD5}.Debug|Any CPU.Build.0 = Debug|Any CPU
		{9B13C1A1-87C1-48EB-BFD3-E6C5DD3E3DD5}.Release|Any CPU.ActiveCfg = Release|Any CPU
		{9B13C1A1-87C1-48EB-BFD3-E6C5DD3E3DD5}.Release|Any CPU.Build.0 = Release|Any CPU
	EndGlobalSection
	GlobalSection(SolutionProperties) = preSolution
		HideSolutionNode = FALSE
	EndGlobalSection
	GlobalSection(ExtensibilityGlobals) = postSolution
		SolutionGuid = {1445B201-6E43-4BA0-8B91-6053B41A7946}
	EndGlobalSection
EndGlobal
